
Microsoft Visual Studio Solution File, Format Version 12.00
# Visual Studio Version 16
VisualStudioVersion = 16.0.30413.136
MinimumVisualStudioVersion = 10.0.40219.1
Project("{FAE04EC0-301F-11D3-BF4B-00C04F79EFBC}") = "uppgift-4-uwp", "uppgift-4-uwp.csproj", "{3D5C18C8-F2D3-4151-9F92-AC7F492835A6}"
EndProject
Project("{FAE04EC0-301F-11D3-BF4B-00C04F79EFBC}") = "uppgift-4-SharedLibrary-uwp", "..\uppgift-4-SharedLibrary-uwp\uppgift-4-SharedLibrary-uwp.csproj", "{9B4A83B8-E057-435D-B475-7E8A347150CB}"
EndProject
Project("{FAE04EC0-301F-11D3-BF4B-00C04F79EFBC}") = "AzureFunction-upp-4", "..\AzureFunction-upp-4\AzureFunction-upp-4.csproj", "{84C109CF-5FBD-4D9E-AD4E-AAAC9CD1FE6E}"
EndProject
Project("{FAE04EC0-301F-11D3-BF4B-00C04F79EFBC}") = "SharedLibraryAzure", "..\SharedLibraryAzure\SharedLibraryAzure.csproj", "{C5438DFE-84EC-4870-A42C-6139F56370E3}"
EndProject
Global
	GlobalSection(SolutionConfigurationPlatforms) = preSolution
		Debug|Any CPU = Debug|Any CPU
		Debug|ARM = Debug|ARM
		Debug|ARM64 = Debug|ARM64
		Debug|x64 = Debug|x64
		Debug|x86 = Debug|x86
		Release|Any CPU = Release|Any CPU
		Release|ARM = Release|ARM
		Release|ARM64 = Release|ARM64
		Release|x64 = Release|x64
		Release|x86 = Release|x86
	EndGlobalSection
	GlobalSection(ProjectConfigurationPlatforms) = postSolution
		{3D5C18C8-F2D3-4151-9F92-AC7F492835A6}.Debug|Any CPU.ActiveCfg = Debug|x86
		{3D5C18C8-F2D3-4151-9F92-AC7F492835A6}.Debug|ARM.ActiveCfg = Debug|ARM
		{3D5C18C8-F2D3-4151-9F92-AC7F492835A6}.Debug|ARM.Build.0 = Debug|ARM
		{3D5C18C8-F2D3-4151-9F92-AC7F492835A6}.Debug|ARM.Deploy.0 = Debug|ARM
		{3D5C18C8-F2D3-4151-9F92-AC7F492835A6}.Debug|ARM64.ActiveCfg = Debug|ARM64
		{3D5C18C8-F2D3-4151-9F92-AC7F492835A6}.Debug|ARM64.Build.0 = Debug|ARM64
		{3D5C18C8-F2D3-4151-9F92-AC7F492835A6}.Debug|ARM64.Deploy.0 = Debug|ARM64
		{3D5C18C8-F2D3-4151-9F92-AC7F492835A6}.Debug|x64.ActiveCfg = Debug|x64
		{3D5C18C8-F2D3-4151-9F92-AC7F492835A6}.Debug|x64.Build.0 = Debug|x64
		{3D5C18C8-F2D3-4151-9F92-AC7F492835A6}.Debug|x64.Deploy.0 = Debug|x64
		{3D5C18C8-F2D3-4151-9F92-AC7F492835A6}.Debug|x86.ActiveCfg = Debug|x86
		{3D5C18C8-F2D3-4151-9F92-AC7F492835A6}.Debug|x86.Build.0 = Debug|x86
		{3D5C18C8-F2D3-4151-9F92-AC7F492835A6}.Debug|x86.Deploy.0 = Debug|x86
		{3D5C18C8-F2D3-4151-9F92-AC7F492835A6}.Release|Any CPU.ActiveCfg = Release|x86
		{3D5C18C8-F2D3-4151-9F92-AC7F492835A6}.Release|ARM.ActiveCfg = Release|ARM
		{3D5C18C8-F2D3-4151-9F92-AC7F492835A6}.Release|ARM.Build.0 = Release|ARM
		{3D5C18C8-F2D3-4151-9F92-AC7F492835A6}.Release|ARM.Deploy.0 = Release|ARM
		{3D5C18C8-F2D3-4151-9F92-AC7F492835A6}.Release|ARM64.ActiveCfg = Release|ARM64
		{3D5C18C8-F2D3-4151-9F92-AC7F492835A6}.Release|ARM64.Build.0 = Release|ARM64
		{3D5C18C8-F2D3-4151-9F92-AC7F492835A6}.Release|ARM64.Deploy.0 = Release|ARM64
		{3D5C18C8-F2D3-4151-9F92-AC7F492835A6}.Release|x64.ActiveCfg = Release|x64
		{3D5C18C8-F2D3-4151-9F92-AC7F492835A6}.Release|x64.Build.0 = Release|x64
		{3D5C18C8-F2D3-4151-9F92-AC7F492835A6}.Release|x64.Deploy.0 = Release|x64
		{3D5C18C8-F2D3-4151-9F92-AC7F492835A6}.Release|x86.ActiveCfg = Release|x86
		{3D5C18C8-F2D3-4151-9F92-AC7F492835A6}.Release|x86.Build.0 = Release|x86
		{3D5C18C8-F2D3-4151-9F92-AC7F492835A6}.Release|x86.Deploy.0 = Release|x86
		{9B4A83B8-E057-435D-B475-7E8A347150CB}.Debug|Any CPU.ActiveCfg = Debug|Any CPU
		{9B4A83B8-E057-435D-B475-7E8A347150CB}.Debug|Any CPU.Build.0 = Debug|Any CPU
		{9B4A83B8-E057-435D-B475-7E8A347150CB}.Debug|ARM.ActiveCfg = Debug|ARM
		{9B4A83B8-E057-435D-B475-7E8A347150CB}.Debug|ARM.Build.0 = Debug|ARM
		{9B4A83B8-E057-435D-B475-7E8A347150CB}.Debug|ARM64.ActiveCfg = Debug|ARM64
		{9B4A83B8-E057-435D-B475-7E8A347150CB}.Debug|ARM64.Build.0 = Debug|ARM64
		{9B4A83B8-E057-435D-B475-7E8A347150CB}.Debug|x64.ActiveCfg = Debug|x64
		{9B4A83B8-E057-435D-B475-7E8A347150CB}.Debug|x64.Build.0 = Debug|x64
		{9B4A83B8-E057-435D-B475-7E8A347150CB}.Debug|x86.ActiveCfg = Debug|x86
		{9B4A83B8-E057-435D-B475-7E8A347150CB}.Debug|x86.Build.0 = Debug|x86
		{9B4A83B8-E057-435D-B475-7E8A347150CB}.Release|Any CPU.ActiveCfg = Release|Any CPU
		{9B4A83B8-E057-435D-B475-7E8A347150CB}.Release|Any CPU.Build.0 = Release|Any CPU
		{9B4A83B8-E057-435D-B475-7E8A347150CB}.Release|ARM.ActiveCfg = Release|ARM
		{9B4A83B8-E057-435D-B475-7E8A347150CB}.Release|ARM.Build.0 = Release|ARM
		{9B4A83B8-E057-435D-B475-7E8A347150CB}.Release|ARM64.ActiveCfg = Release|ARM64
		{9B4A83B8-E057-435D-B475-7E8A347150CB}.Release|ARM64.Build.0 = Release|ARM64
		{9B4A83B8-E057-435D-B475-7E8A347150CB}.Release|x64.ActiveCfg = Release|x64
		{9B4A83B8-E057-435D-B475-7E8A347150CB}.Release|x64.Build.0 = Release|x64
		{9B4A83B8-E057-435D-B475-7E8A347150CB}.Release|x86.ActiveCfg = Release|x86
		{9B4A83B8-E057-435D-B475-7E8A347150CB}.Release|x86.Build.0 = Release|x86
		{84C109CF-5FBD-4D9E-AD4E-AAAC9CD1FE6E}.Debug|Any CPU.ActiveCfg = Debug|Any CPU
		{84C109CF-5FBD-4D9E-AD4E-AAAC9CD1FE6E}.Debug|Any CPU.Build.0 = Debug|Any CPU
		{84C109CF-5FBD-4D9E-AD4E-AAAC9CD1FE6E}.Debug|ARM.ActiveCfg = Debug|Any CPU
		{84C109CF-5FBD-4D9E-AD4E-AAAC9CD1FE6E}.Debug|ARM.Build.0 = Debug|Any CPU
		{84C109CF-5FBD-4D9E-AD4E-AAAC9CD1FE6E}.Debug|ARM64.ActiveCfg = Debug|Any CPU
		{84C109CF-5FBD-4D9E-AD4E-AAAC9CD1FE6E}.Debug|ARM64.Build.0 = Debug|Any CPU
		{84C109CF-5FBD-4D9E-AD4E-AAAC9CD1FE6E}.Debug|x64.ActiveCfg = Debug|Any CPU
		{84C109CF-5FBD-4D9E-AD4E-AAAC9CD1FE6E}.Debug|x64.Build.0 = Debug|Any CPU
		{84C109CF-5FBD-4D9E-AD4E-AAAC9CD1FE6E}.Debug|x86.ActiveCfg = Debug|Any CPU
		{84C109CF-5FBD-4D9E-AD4E-AAAC9CD1FE6E}.Debug|x86.Build.0 = Debug|Any CPU
		{84C109CF-5FBD-4D9E-AD4E-AAAC9CD1FE6E}.Release|Any CPU.ActiveCfg = Release|Any CPU
		{84C109CF-5FBD-4D9E-AD4E-AAAC9CD1FE6E}.Release|Any CPU.Build.0 = Release|Any CPU
		{84C109CF-5FBD-4D9E-AD4E-AAAC9CD1FE6E}.Release|ARM.ActiveCfg = Release|Any CPU
		{84C109CF-5FBD-4D9E-AD4E-AAAC9CD1FE6E}.Release|ARM.Build.0 = Release|Any CPU
		{84C109CF-5FBD-4D9E-AD4E-AAAC9CD1FE6E}.Release|ARM64.ActiveCfg = Release|Any CPU
		{84C109CF-5FBD-4D9E-AD4E-AAAC9CD1FE6E}.Release|ARM64.Build.0 = Release|Any CPU
		{84C109CF-5FBD-4D9E-AD4E-AAAC9CD1FE6E}.Release|x64.ActiveCfg = Release|Any CPU
		{84C109CF-5FBD-4D9E-AD4E-AAAC9CD1FE6E}.Release|x64.Build.0 = Release|Any CPU
		{84C109CF-5FBD-4D9E-AD4E-AAAC9CD1FE6E}.Release|x86.ActiveCfg = Release|Any CPU
		{84C109CF-5FBD-4D9E-AD4E-AAAC9CD1FE6E}.Release|x86.Build.0 = Release|Any CPU
		{C5438DFE-84EC-4870-A42C-6139F56370E3}.Debug|Any CPU.ActiveCfg = Debug|Any CPU
		{C5438DFE-84EC-4870-A42C-6139F56370E3}.Debug|Any CPU.Build.0 = Debug|Any CPU
		{C5438DFE-84EC-4870-A42C-6139F56370E3}.Debug|ARM.ActiveCfg = Debug|Any CPU
		{C5438DFE-84EC-4870-A42C-6139F56370E3}.Debug|ARM.Build.0 = Debug|Any CPU
		{C5438DFE-84EC-4870-A42C-6139F56370E3}.Debug|ARM64.ActiveCfg = Debug|Any CPU
		{C5438DFE-84EC-4870-A42C-6139F56370E3}.Debug|ARM64.Build.0 = Debug|Any CPU
		{C5438DFE-84EC-4870-A42C-6139F56370E3}.Debug|x64.ActiveCfg = Debug|Any CPU
		{C5438DFE-84EC-4870-A42C-6139F56370E3}.Debug|x64.Build.0 = Debug|Any CPU
		{C5438DFE-84EC-4870-A42C-6139F56370E3}.Debug|x86.ActiveCfg = Debug|Any CPU
		{C5438DFE-84EC-4870-A42C-6139F56370E3}.Debug|x86.Build.0 = Debug|Any CPU
		{C5438DFE-84EC-4870-A42C-6139F56370E3}.Release|Any CPU.ActiveCfg = Release|Any CPU
		{C5438DFE-84EC-4870-A42C-6139F56370E3}.Release|Any CPU.Build.0 = Release|Any CPU
		{C5438DFE-84EC-4870-A42C-6139F56370E3}.Release|ARM.ActiveCfg = Release|Any CPU
		{C5438DFE-84EC-4870-A42C-6139F56370E3}.Release|ARM.Build.0 = Release|Any CPU
		{C5438DFE-84EC-4870-A42C-6139F56370E3}.Release|ARM64.ActiveCfg = Release|Any CPU
		{C5438DFE-84EC-4870-A42C-6139F56370E3}.Release|ARM64.Build.0 = Release|Any CPU
		{C5438DFE-84EC-4870-A42C-6139F56370E3}.Release|x64.ActiveCfg = Release|Any CPU
		{C5438DFE-84EC-4870-A42C-6139F56370E3}.Release|x64.Build.0 = Release|Any CPU
		{C5438DFE-84EC-4870-A42C-6139F56370E3}.Release|x86.ActiveCfg = Release|Any CPU
		{C5438DFE-84EC-4870-A42C-6139F56370E3}.Release|x86.Build.0 = Release|Any CPU
	EndGlobalSection
	GlobalSection(SolutionProperties) = preSolution
		HideSolutionNode = FALSE
	EndGlobalSection
	GlobalSection(ExtensibilityGlobals) = postSolution
		SolutionGuid = {61ACD087-C36A-4C3B-9001-741BB25198EB}
	EndGlobalSection
EndGlobal
